
Microsoft Visual Studio Solution File, Format Version 12.00
# Visual Studio 15
VisualStudioVersion = 15.0.27703.2018
MinimumVisualStudioVersion = 10.0.40219.1
Project("{9A19103F-16F7-4668-BE54-9A1E7A4F7556}") = "CatMash.Business", "CatMash.Business\CatMash.Business.csproj", "{AF684A13-2956-4BDF-BCF9-CBB94898CDB3}"
EndProject
Project("{9A19103F-16F7-4668-BE54-9A1E7A4F7556}") = "CatMash.API", "CatMash.Api\CatMash.API.csproj", "{30A318E3-782F-462B-AA52-B6202E4581CC}"
EndProject
Project("{9A19103F-16F7-4668-BE54-9A1E7A4F7556}") = "CatMash.DAL", "CatMash.DAL\CatMash.DAL.csproj", "{7CBA8C12-52F0-49A0-857B-E4F8ADE36F8A}"
EndProject
Project("{9A19103F-16F7-4668-BE54-9A1E7A4F7556}") = "CatMash.Domain", "CatMash.Domain\CatMash.Domain.csproj", "{8B5740C5-C6B0-482C-88E0-2B1AC6CB32A8}"
EndProject
Global
	GlobalSection(SolutionConfigurationPlatforms) = preSolution
		Debug|Any CPU = Debug|Any CPU
		Release|Any CPU = Release|Any CPU
	EndGlobalSection
	GlobalSection(ProjectConfigurationPlatforms) = postSolution
		{AF684A13-2956-4BDF-BCF9-CBB94898CDB3}.Debug|Any CPU.ActiveCfg = Debug|Any CPU
		{AF684A13-2956-4BDF-BCF9-CBB94898CDB3}.Debug|Any CPU.Build.0 = Debug|Any CPU
		{AF684A13-2956-4BDF-BCF9-CBB94898CDB3}.Release|Any CPU.ActiveCfg = Release|Any CPU
		{AF684A13-2956-4BDF-BCF9-CBB94898CDB3}.Release|Any CPU.Build.0 = Release|Any CPU
		{30A318E3-782F-462B-AA52-B6202E4581CC}.Debug|Any CPU.ActiveCfg = Debug|Any CPU
		{30A318E3-782F-462B-AA52-B6202E4581CC}.Debug|Any CPU.Build.0 = Debug|Any CPU
		{30A318E3-782F-462B-AA52-B6202E4581CC}.Release|Any CPU.ActiveCfg = Release|Any CPU
		{30A318E3-782F-462B-AA52-B6202E4581CC}.Release|Any CPU.Build.0 = Release|Any CPU
		{7CBA8C12-52F0-49A0-857B-E4F8ADE36F8A}.Debug|Any CPU.ActiveCfg = Debug|Any CPU
		{7CBA8C12-52F0-49A0-857B-E4F8ADE36F8A}.Debug|Any CPU.Build.0 = Debug|Any CPU
		{7CBA8C12-52F0-49A0-857B-E4F8ADE36F8A}.Release|Any CPU.ActiveCfg = Release|Any CPU
		{7CBA8C12-52F0-49A0-857B-E4F8ADE36F8A}.Release|Any CPU.Build.0 = Release|Any CPU
		{8B5740C5-C6B0-482C-88E0-2B1AC6CB32A8}.Debug|Any CPU.ActiveCfg = Debug|Any CPU
		{8B5740C5-C6B0-482C-88E0-2B1AC6CB32A8}.Debug|Any CPU.Build.0 = Debug|Any CPU
		{8B5740C5-C6B0-482C-88E0-2B1AC6CB32A8}.Release|Any CPU.ActiveCfg = Release|Any CPU
		{8B5740C5-C6B0-482C-88E0-2B1AC6CB32A8}.Release|Any CPU.Build.0 = Release|Any CPU
	EndGlobalSection
	GlobalSection(SolutionProperties) = preSolution
		HideSolutionNode = FALSE
	EndGlobalSection
	GlobalSection(ExtensibilityGlobals) = postSolution
		SolutionGuid = {D70F5C0C-CE13-4A0E-8C04-1F98EB9C4DB0}
	EndGlobalSection
EndGlobal
